{
  "version": "3",
  "packages": {
    "specifiers": {
      "npm:@types/node": "npm:@types/node@18.16.19",
      "npm:consola": "npm:consola@3.2.3",
      "npm:hono": "npm:hono@4.6.2"
    },
    "npm": {
      "@types/node@18.16.19": {
        "integrity": "sha512-IXl7o+R9iti9eBW4Wg2hx1xQDig183jj7YLn8F7udNceyfkbn1ZxmzZXuak20gR40D7pIkIY1kYGx5VIGbaHKA==",
        "dependencies": {}
      },
      "consola@3.2.3": {
        "integrity": "sha512-I5qxpzLv+sJhTVEoLYNcTW+bThDCPsit0vLNKShZx6rLtpilNpmmeTPaeqJb9ZE9dV3DGaeby6Vuhrw38WjeyQ==",
        "dependencies": {}
      },
      "hono@4.6.2": {
        "integrity": "sha512-v+39817TgAhetmHUEli8O0uHDmxp2Up3DnhS4oUZXOl5IQ9np9tYtldd42e5zgdLVS0wsOoXQNZ6mx+BGmEvCA==",
        "dependencies": {}
      }
    }
  },
  "remote": {}
}
